
Microsoft Visual Studio Solution File, Format Version 11.00
# Visual Studio 2010
Project("{FAE04EC0-301F-11D3-BF4B-00C04F79EFBC}") = "Ex_001", "Ex_1\Ex_001.csproj", "{3DAF1502-C8D5-4CB2-80F8-3C5E89A21051}"
EndProject
Project("{FAE04EC0-301F-11D3-BF4B-00C04F79EFBC}") = "Ex_002", "Ex_2\Ex_002.csproj", "{F069412B-79FD-4249-85AA-3661DD2080D6}"
EndProject
Project("{FAE04EC0-301F-11D3-BF4B-00C04F79EFBC}") = "Ex_003", "Ex_3\Ex_003.csproj", "{48C17C51-C757-4EFD-949A-4188CC8E12CC}"
EndProject
Project("{FAE04EC0-301F-11D3-BF4B-00C04F79EFBC}") = "Ex_004", "Ex_4\Ex_004.csproj", "{494FA3CA-D20D-4510-9E94-0080173104F2}"
EndProject
Project("{FAE04EC0-301F-11D3-BF4B-00C04F79EFBC}") = "Ex_005", "Ex_5\Ex_005.csproj", "{265A2678-EB89-4948-8462-9FB1E604F7A0}"
EndProject
Project("{FAE04EC0-301F-11D3-BF4B-00C04F79EFBC}") = "Ex_006", "Ex_6\Ex_006.csproj", "{454FF4C4-0A57-415C-90A0-E29C8F3BDB9D}"
EndProject
Project("{FAE04EC0-301F-11D3-BF4B-00C04F79EFBC}") = "Ex_007", "Ex_7\Ex_007.csproj", "{BE201669-1F26-44F7-BAA3-BAA3A5E72467}"
EndProject
Project("{FAE04EC0-301F-11D3-BF4B-00C04F79EFBC}") = "Ex_008", "Ex_8\Ex_008.csproj", "{B58F57A8-8DF1-48F9-B344-76FBBAF07487}"
EndProject
Project("{FAE04EC0-301F-11D3-BF4B-00C04F79EFBC}") = "Ex_009", "Ex_9\Ex_009.csproj", "{7B096515-68A3-4F46-83B0-AB63683A0CE4}"
EndProject
Project("{FAE04EC0-301F-11D3-BF4B-00C04F79EFBC}") = "Ex_010", "Ex_10\Ex_010.csproj", "{D7706355-8DEF-47BA-BB8D-04ACD95181DB}"
EndProject
Project("{FAE04EC0-301F-11D3-BF4B-00C04F79EFBC}") = "Ex_011", "Ex_011\Ex_011.csproj", "{C82E91AD-59A2-4E2C-9526-DEA601414E27}"
EndProject
Project("{FAE04EC0-301F-11D3-BF4B-00C04F79EFBC}") = "Ex_012", "Ex_012\Ex_012.csproj", "{1860DE4B-2670-4F5E-8B1D-13CF5CDE15D5}"
EndProject
Project("{FAE04EC0-301F-11D3-BF4B-00C04F79EFBC}") = "Ex_013", "Ex_013\Ex_013.csproj", "{4801F1BA-4FB5-4353-B2EF-A6719B13DC7B}"
EndProject
Project("{FAE04EC0-301F-11D3-BF4B-00C04F79EFBC}") = "Ex_014", "Ex_014\Ex_014.csproj", "{426134CC-C6AA-4544-B6A6-DE31AA05BD1C}"
EndProject
Project("{FAE04EC0-301F-11D3-BF4B-00C04F79EFBC}") = "Ex_015", "Ex_015\Ex_015.csproj", "{FB100DCB-4A73-4CA3-957B-B34ED44DBE98}"
EndProject
Project("{FAE04EC0-301F-11D3-BF4B-00C04F79EFBC}") = "Ex_016", "Ex_016\Ex_016.csproj", "{C0671168-2994-4851-AB85-C582D07DC82D}"
EndProject
Project("{FAE04EC0-301F-11D3-BF4B-00C04F79EFBC}") = "Ex_017", "Ex_017\Ex_017.csproj", "{11F0E687-D842-4C8E-8719-B8D45B548C4D}"
EndProject
Project("{FAE04EC0-301F-11D3-BF4B-00C04F79EFBC}") = "Ex_018", "Ex_018\Ex_018.csproj", "{9DFEBE37-FE3D-4A6D-97F6-23AF04C5ADF2}"
EndProject
Project("{FAE04EC0-301F-11D3-BF4B-00C04F79EFBC}") = "Ex_019", "Ex_019\Ex_019.csproj", "{92D4F90E-9B60-4077-A798-3556FB508952}"
EndProject
Project("{FAE04EC0-301F-11D3-BF4B-00C04F79EFBC}") = "Ex_020", "Ex_020\Ex_020.csproj", "{1431719F-885C-428D-B161-B3C4916954AE}"
EndProject
Project("{FAE04EC0-301F-11D3-BF4B-00C04F79EFBC}") = "Ex_021", "Ex_021\Ex_021.csproj", "{991A80CA-D2CE-4080-BBEB-C0859C7086A2}"
EndProject
Project("{FAE04EC0-301F-11D3-BF4B-00C04F79EFBC}") = "Ex_022", "Ex_022\Ex_022.csproj", "{926DEF0F-C710-4111-AEF2-8128E3C6B422}"
EndProject
Project("{FAE04EC0-301F-11D3-BF4B-00C04F79EFBC}") = "Ex_023", "Ex_023\Ex_023.csproj", "{5CE21B8A-73DD-4D84-A949-0A40E5F096D1}"
EndProject
Project("{FAE04EC0-301F-11D3-BF4B-00C04F79EFBC}") = "Ex_024", "Ex_024\Ex_024.csproj", "{043039C0-49A5-4114-8DF9-2FE03A5A9CFC}"
EndProject
Project("{FAE04EC0-301F-11D3-BF4B-00C04F79EFBC}") = "Ex_025", "Ex_025\Ex_025.csproj", "{92FEB077-F056-4DCC-B8B2-A8533C88BE5F}"
EndProject
Project("{FAE04EC0-301F-11D3-BF4B-00C04F79EFBC}") = "Ex_026", "Ex_026\Ex_026.csproj", "{A35D8EFA-5C67-4544-9372-BA334BE16A85}"
EndProject
Project("{FAE04EC0-301F-11D3-BF4B-00C04F79EFBC}") = "Ex_027", "Ex_027\Ex_027.csproj", "{CFE2D201-2975-473D-AE83-E303EB4634E3}"
EndProject
Project("{FAE04EC0-301F-11D3-BF4B-00C04F79EFBC}") = "Ex_028", "Ex_028\Ex_028.csproj", "{3580B492-CFC5-42B7-ABE2-BBB7ECACECF9}"
EndProject
Project("{FAE04EC0-301F-11D3-BF4B-00C04F79EFBC}") = "Ex_029", "Ex_029\Ex_029.csproj", "{76594A8A-903E-411C-A502-55C1DB9C2312}"
EndProject
Project("{FAE04EC0-301F-11D3-BF4B-00C04F79EFBC}") = "Ex_030", "Ex_030\Ex_030.csproj", "{0E2C4DF2-A728-40CB-940A-78C6EF7C83C9}"
EndProject
Project("{FAE04EC0-301F-11D3-BF4B-00C04F79EFBC}") = "Ex_031", "Ex_031\Ex_031.csproj", "{13F680C1-B178-4BE7-A64E-E2F7A52F8CFD}"
EndProject
Project("{FAE04EC0-301F-11D3-BF4B-00C04F79EFBC}") = "Ex_032", "Ex_32\Ex_032.csproj", "{9EE91535-A9BC-468C-939A-194D5C7DCA49}"
EndProject
Project("{FAE04EC0-301F-11D3-BF4B-00C04F79EFBC}") = "Ex_033", "Ex_033\Ex_033.csproj", "{6B0D58BA-5142-44AE-A468-312B9477E7E3}"
EndProject
Project("{FAE04EC0-301F-11D3-BF4B-00C04F79EFBC}") = "Ex_034", "Ex_034\Ex_034.csproj", "{BB317DA0-AC30-4B49-944C-D0831BD558BE}"
EndProject
Project("{FAE04EC0-301F-11D3-BF4B-00C04F79EFBC}") = "Ex_035", "Ex_035\Ex_035.csproj", "{B8807EAB-C4F8-4953-B1BA-A0C76654D19D}"
EndProject
Project("{FAE04EC0-301F-11D3-BF4B-00C04F79EFBC}") = "Ex_036", "Ex_036\Ex_036.csproj", "{3291AF73-77F6-4F0F-BD9A-CD5D24CB1D48}"
EndProject
Global
	GlobalSection(SolutionConfigurationPlatforms) = preSolution
		Debug|x86 = Debug|x86
		Release|x86 = Release|x86
	EndGlobalSection
	GlobalSection(ProjectConfigurationPlatforms) = postSolution
		{3DAF1502-C8D5-4CB2-80F8-3C5E89A21051}.Debug|x86.ActiveCfg = Debug|x86
		{3DAF1502-C8D5-4CB2-80F8-3C5E89A21051}.Debug|x86.Build.0 = Debug|x86
		{3DAF1502-C8D5-4CB2-80F8-3C5E89A21051}.Release|x86.ActiveCfg = Release|x86
		{3DAF1502-C8D5-4CB2-80F8-3C5E89A21051}.Release|x86.Build.0 = Release|x86
		{F069412B-79FD-4249-85AA-3661DD2080D6}.Debug|x86.ActiveCfg = Debug|x86
		{F069412B-79FD-4249-85AA-3661DD2080D6}.Debug|x86.Build.0 = Debug|x86
		{F069412B-79FD-4249-85AA-3661DD2080D6}.Release|x86.ActiveCfg = Release|x86
		{F069412B-79FD-4249-85AA-3661DD2080D6}.Release|x86.Build.0 = Release|x86
		{48C17C51-C757-4EFD-949A-4188CC8E12CC}.Debug|x86.ActiveCfg = Debug|x86
		{48C17C51-C757-4EFD-949A-4188CC8E12CC}.Debug|x86.Build.0 = Debug|x86
		{48C17C51-C757-4EFD-949A-4188CC8E12CC}.Release|x86.ActiveCfg = Release|x86
		{48C17C51-C757-4EFD-949A-4188CC8E12CC}.Release|x86.Build.0 = Release|x86
		{494FA3CA-D20D-4510-9E94-0080173104F2}.Debug|x86.ActiveCfg = Debug|x86
		{494FA3CA-D20D-4510-9E94-0080173104F2}.Debug|x86.Build.0 = Debug|x86
		{494FA3CA-D20D-4510-9E94-0080173104F2}.Release|x86.ActiveCfg = Release|x86
		{494FA3CA-D20D-4510-9E94-0080173104F2}.Release|x86.Build.0 = Release|x86
		{265A2678-EB89-4948-8462-9FB1E604F7A0}.Debug|x86.ActiveCfg = Debug|x86
		{265A2678-EB89-4948-8462-9FB1E604F7A0}.Debug|x86.Build.0 = Debug|x86
		{265A2678-EB89-4948-8462-9FB1E604F7A0}.Release|x86.ActiveCfg = Release|x86
		{265A2678-EB89-4948-8462-9FB1E604F7A0}.Release|x86.Build.0 = Release|x86
		{454FF4C4-0A57-415C-90A0-E29C8F3BDB9D}.Debug|x86.ActiveCfg = Debug|x86
		{454FF4C4-0A57-415C-90A0-E29C8F3BDB9D}.Debug|x86.Build.0 = Debug|x86
		{454FF4C4-0A57-415C-90A0-E29C8F3BDB9D}.Release|x86.ActiveCfg = Release|x86
		{454FF4C4-0A57-415C-90A0-E29C8F3BDB9D}.Release|x86.Build.0 = Release|x86
		{BE201669-1F26-44F7-BAA3-BAA3A5E72467}.Debug|x86.ActiveCfg = Debug|x86
		{BE201669-1F26-44F7-BAA3-BAA3A5E72467}.Debug|x86.Build.0 = Debug|x86
		{BE201669-1F26-44F7-BAA3-BAA3A5E72467}.Release|x86.ActiveCfg = Release|x86
		{BE201669-1F26-44F7-BAA3-BAA3A5E72467}.Release|x86.Build.0 = Release|x86
		{B58F57A8-8DF1-48F9-B344-76FBBAF07487}.Debug|x86.ActiveCfg = Debug|x86
		{B58F57A8-8DF1-48F9-B344-76FBBAF07487}.Debug|x86.Build.0 = Debug|x86
		{B58F57A8-8DF1-48F9-B344-76FBBAF07487}.Release|x86.ActiveCfg = Release|x86
		{B58F57A8-8DF1-48F9-B344-76FBBAF07487}.Release|x86.Build.0 = Release|x86
		{7B096515-68A3-4F46-83B0-AB63683A0CE4}.Debug|x86.ActiveCfg = Debug|x86
		{7B096515-68A3-4F46-83B0-AB63683A0CE4}.Debug|x86.Build.0 = Debug|x86
		{7B096515-68A3-4F46-83B0-AB63683A0CE4}.Release|x86.ActiveCfg = Release|x86
		{7B096515-68A3-4F46-83B0-AB63683A0CE4}.Release|x86.Build.0 = Release|x86
		{D7706355-8DEF-47BA-BB8D-04ACD95181DB}.Debug|x86.ActiveCfg = Debug|x86
		{D7706355-8DEF-47BA-BB8D-04ACD95181DB}.Debug|x86.Build.0 = Debug|x86
		{D7706355-8DEF-47BA-BB8D-04ACD95181DB}.Release|x86.ActiveCfg = Release|x86
		{D7706355-8DEF-47BA-BB8D-04ACD95181DB}.Release|x86.Build.0 = Release|x86
		{C82E91AD-59A2-4E2C-9526-DEA601414E27}.Debug|x86.ActiveCfg = Debug|x86
		{C82E91AD-59A2-4E2C-9526-DEA601414E27}.Debug|x86.Build.0 = Debug|x86
		{C82E91AD-59A2-4E2C-9526-DEA601414E27}.Release|x86.ActiveCfg = Release|x86
		{C82E91AD-59A2-4E2C-9526-DEA601414E27}.Release|x86.Build.0 = Release|x86
		{1860DE4B-2670-4F5E-8B1D-13CF5CDE15D5}.Debug|x86.ActiveCfg = Debug|x86
		{1860DE4B-2670-4F5E-8B1D-13CF5CDE15D5}.Debug|x86.Build.0 = Debug|x86
		{1860DE4B-2670-4F5E-8B1D-13CF5CDE15D5}.Release|x86.ActiveCfg = Release|x86
		{1860DE4B-2670-4F5E-8B1D-13CF5CDE15D5}.Release|x86.Build.0 = Release|x86
		{4801F1BA-4FB5-4353-B2EF-A6719B13DC7B}.Debug|x86.ActiveCfg = Debug|x86
		{4801F1BA-4FB5-4353-B2EF-A6719B13DC7B}.Debug|x86.Build.0 = Debug|x86
		{4801F1BA-4FB5-4353-B2EF-A6719B13DC7B}.Release|x86.ActiveCfg = Release|x86
		{4801F1BA-4FB5-4353-B2EF-A6719B13DC7B}.Release|x86.Build.0 = Release|x86
		{426134CC-C6AA-4544-B6A6-DE31AA05BD1C}.Debug|x86.ActiveCfg = Debug|x86
		{426134CC-C6AA-4544-B6A6-DE31AA05BD1C}.Debug|x86.Build.0 = Debug|x86
		{426134CC-C6AA-4544-B6A6-DE31AA05BD1C}.Release|x86.ActiveCfg = Release|x86
		{426134CC-C6AA-4544-B6A6-DE31AA05BD1C}.Release|x86.Build.0 = Release|x86
		{FB100DCB-4A73-4CA3-957B-B34ED44DBE98}.Debug|x86.ActiveCfg = Debug|x86
		{FB100DCB-4A73-4CA3-957B-B34ED44DBE98}.Debug|x86.Build.0 = Debug|x86
		{FB100DCB-4A73-4CA3-957B-B34ED44DBE98}.Release|x86.ActiveCfg = Release|x86
		{FB100DCB-4A73-4CA3-957B-B34ED44DBE98}.Release|x86.Build.0 = Release|x86
		{C0671168-2994-4851-AB85-C582D07DC82D}.Debug|x86.ActiveCfg = Debug|x86
		{C0671168-2994-4851-AB85-C582D07DC82D}.Debug|x86.Build.0 = Debug|x86
		{C0671168-2994-4851-AB85-C582D07DC82D}.Release|x86.ActiveCfg = Release|x86
		{C0671168-2994-4851-AB85-C582D07DC82D}.Release|x86.Build.0 = Release|x86
		{11F0E687-D842-4C8E-8719-B8D45B548C4D}.Debug|x86.ActiveCfg = Debug|x86
		{11F0E687-D842-4C8E-8719-B8D45B548C4D}.Debug|x86.Build.0 = Debug|x86
		{11F0E687-D842-4C8E-8719-B8D45B548C4D}.Release|x86.ActiveCfg = Release|x86
		{11F0E687-D842-4C8E-8719-B8D45B548C4D}.Release|x86.Build.0 = Release|x86
		{9DFEBE37-FE3D-4A6D-97F6-23AF04C5ADF2}.Debug|x86.ActiveCfg = Debug|x86
		{9DFEBE37-FE3D-4A6D-97F6-23AF04C5ADF2}.Debug|x86.Build.0 = Debug|x86
		{9DFEBE37-FE3D-4A6D-97F6-23AF04C5ADF2}.Release|x86.ActiveCfg = Release|x86
		{9DFEBE37-FE3D-4A6D-97F6-23AF04C5ADF2}.Release|x86.Build.0 = Release|x86
		{92D4F90E-9B60-4077-A798-3556FB508952}.Debug|x86.ActiveCfg = Debug|x86
		{92D4F90E-9B60-4077-A798-3556FB508952}.Debug|x86.Build.0 = Debug|x86
		{92D4F90E-9B60-4077-A798-3556FB508952}.Release|x86.ActiveCfg = Release|x86
		{92D4F90E-9B60-4077-A798-3556FB508952}.Release|x86.Build.0 = Release|x86
		{1431719F-885C-428D-B161-B3C4916954AE}.Debug|x86.ActiveCfg = Debug|x86
		{1431719F-885C-428D-B161-B3C4916954AE}.Debug|x86.Build.0 = Debug|x86
		{1431719F-885C-428D-B161-B3C4916954AE}.Release|x86.ActiveCfg = Release|x86
		{1431719F-885C-428D-B161-B3C4916954AE}.Release|x86.Build.0 = Release|x86
		{991A80CA-D2CE-4080-BBEB-C0859C7086A2}.Debug|x86.ActiveCfg = Debug|x86
		{991A80CA-D2CE-4080-BBEB-C0859C7086A2}.Debug|x86.Build.0 = Debug|x86
		{991A80CA-D2CE-4080-BBEB-C0859C7086A2}.Release|x86.ActiveCfg = Release|x86
		{991A80CA-D2CE-4080-BBEB-C0859C7086A2}.Release|x86.Build.0 = Release|x86
		{926DEF0F-C710-4111-AEF2-8128E3C6B422}.Debug|x86.ActiveCfg = Debug|x86
		{926DEF0F-C710-4111-AEF2-8128E3C6B422}.Debug|x86.Build.0 = Debug|x86
		{926DEF0F-C710-4111-AEF2-8128E3C6B422}.Release|x86.ActiveCfg = Release|x86
		{926DEF0F-C710-4111-AEF2-8128E3C6B422}.Release|x86.Build.0 = Release|x86
		{5CE21B8A-73DD-4D84-A949-0A40E5F096D1}.Debug|x86.ActiveCfg = Debug|x86
		{5CE21B8A-73DD-4D84-A949-0A40E5F096D1}.Debug|x86.Build.0 = Debug|x86
		{5CE21B8A-73DD-4D84-A949-0A40E5F096D1}.Release|x86.ActiveCfg = Release|x86
		{5CE21B8A-73DD-4D84-A949-0A40E5F096D1}.Release|x86.Build.0 = Release|x86
		{043039C0-49A5-4114-8DF9-2FE03A5A9CFC}.Debug|x86.ActiveCfg = Debug|x86
		{043039C0-49A5-4114-8DF9-2FE03A5A9CFC}.Debug|x86.Build.0 = Debug|x86
		{043039C0-49A5-4114-8DF9-2FE03A5A9CFC}.Release|x86.ActiveCfg = Release|x86
		{043039C0-49A5-4114-8DF9-2FE03A5A9CFC}.Release|x86.Build.0 = Release|x86
		{92FEB077-F056-4DCC-B8B2-A8533C88BE5F}.Debug|x86.ActiveCfg = Debug|x86
		{92FEB077-F056-4DCC-B8B2-A8533C88BE5F}.Debug|x86.Build.0 = Debug|x86
		{92FEB077-F056-4DCC-B8B2-A8533C88BE5F}.Release|x86.ActiveCfg = Release|x86
		{92FEB077-F056-4DCC-B8B2-A8533C88BE5F}.Release|x86.Build.0 = Release|x86
		{A35D8EFA-5C67-4544-9372-BA334BE16A85}.Debug|x86.ActiveCfg = Debug|x86
		{A35D8EFA-5C67-4544-9372-BA334BE16A85}.Debug|x86.Build.0 = Debug|x86
		{A35D8EFA-5C67-4544-9372-BA334BE16A85}.Release|x86.ActiveCfg = Release|x86
		{A35D8EFA-5C67-4544-9372-BA334BE16A85}.Release|x86.Build.0 = Release|x86
		{CFE2D201-2975-473D-AE83-E303EB4634E3}.Debug|x86.ActiveCfg = Debug|x86
		{CFE2D201-2975-473D-AE83-E303EB4634E3}.Debug|x86.Build.0 = Debug|x86
		{CFE2D201-2975-473D-AE83-E303EB4634E3}.Release|x86.ActiveCfg = Release|x86
		{CFE2D201-2975-473D-AE83-E303EB4634E3}.Release|x86.Build.0 = Release|x86
		{3580B492-CFC5-42B7-ABE2-BBB7ECACECF9}.Debug|x86.ActiveCfg = Debug|x86
		{3580B492-CFC5-42B7-ABE2-BBB7ECACECF9}.Debug|x86.Build.0 = Debug|x86
		{3580B492-CFC5-42B7-ABE2-BBB7ECACECF9}.Release|x86.ActiveCfg = Release|x86
		{3580B492-CFC5-42B7-ABE2-BBB7ECACECF9}.Release|x86.Build.0 = Release|x86
		{76594A8A-903E-411C-A502-55C1DB9C2312}.Debug|x86.ActiveCfg = Debug|x86
		{76594A8A-903E-411C-A502-55C1DB9C2312}.Debug|x86.Build.0 = Debug|x86
		{76594A8A-903E-411C-A502-55C1DB9C2312}.Release|x86.ActiveCfg = Release|x86
		{76594A8A-903E-411C-A502-55C1DB9C2312}.Release|x86.Build.0 = Release|x86
		{0E2C4DF2-A728-40CB-940A-78C6EF7C83C9}.Debug|x86.ActiveCfg = Debug|x86
		{0E2C4DF2-A728-40CB-940A-78C6EF7C83C9}.Debug|x86.Build.0 = Debug|x86
		{0E2C4DF2-A728-40CB-940A-78C6EF7C83C9}.Release|x86.ActiveCfg = Release|x86
		{0E2C4DF2-A728-40CB-940A-78C6EF7C83C9}.Release|x86.Build.0 = Release|x86
		{13F680C1-B178-4BE7-A64E-E2F7A52F8CFD}.Debug|x86.ActiveCfg = Debug|x86
		{13F680C1-B178-4BE7-A64E-E2F7A52F8CFD}.Debug|x86.Build.0 = Debug|x86
		{13F680C1-B178-4BE7-A64E-E2F7A52F8CFD}.Release|x86.ActiveCfg = Release|x86
		{13F680C1-B178-4BE7-A64E-E2F7A52F8CFD}.Release|x86.Build.0 = Release|x86
		{9EE91535-A9BC-468C-939A-194D5C7DCA49}.Debug|x86.ActiveCfg = Debug|x86
		{9EE91535-A9BC-468C-939A-194D5C7DCA49}.Debug|x86.Build.0 = Debug|x86
		{9EE91535-A9BC-468C-939A-194D5C7DCA49}.Release|x86.ActiveCfg = Release|x86
		{9EE91535-A9BC-468C-939A-194D5C7DCA49}.Release|x86.Build.0 = Release|x86
		{6B0D58BA-5142-44AE-A468-312B9477E7E3}.Debug|x86.ActiveCfg = Debug|x86
		{6B0D58BA-5142-44AE-A468-312B9477E7E3}.Debug|x86.Build.0 = Debug|x86
		{6B0D58BA-5142-44AE-A468-312B9477E7E3}.Release|x86.ActiveCfg = Release|x86
		{6B0D58BA-5142-44AE-A468-312B9477E7E3}.Release|x86.Build.0 = Release|x86
		{BB317DA0-AC30-4B49-944C-D0831BD558BE}.Debug|x86.ActiveCfg = Debug|x86
		{BB317DA0-AC30-4B49-944C-D0831BD558BE}.Debug|x86.Build.0 = Debug|x86
		{BB317DA0-AC30-4B49-944C-D0831BD558BE}.Release|x86.ActiveCfg = Release|x86
		{BB317DA0-AC30-4B49-944C-D0831BD558BE}.Release|x86.Build.0 = Release|x86
		{B8807EAB-C4F8-4953-B1BA-A0C76654D19D}.Debug|x86.ActiveCfg = Debug|x86
		{B8807EAB-C4F8-4953-B1BA-A0C76654D19D}.Debug|x86.Build.0 = Debug|x86
		{B8807EAB-C4F8-4953-B1BA-A0C76654D19D}.Release|x86.ActiveCfg = Release|x86
		{B8807EAB-C4F8-4953-B1BA-A0C76654D19D}.Release|x86.Build.0 = Release|x86
		{3291AF73-77F6-4F0F-BD9A-CD5D24CB1D48}.Debug|x86.ActiveCfg = Debug|x86
		{3291AF73-77F6-4F0F-BD9A-CD5D24CB1D48}.Debug|x86.Build.0 = Debug|x86
		{3291AF73-77F6-4F0F-BD9A-CD5D24CB1D48}.Release|x86.ActiveCfg = Release|x86
		{3291AF73-77F6-4F0F-BD9A-CD5D24CB1D48}.Release|x86.Build.0 = Release|x86
	EndGlobalSection
	GlobalSection(SolutionProperties) = preSolution
		HideSolutionNode = FALSE
	EndGlobalSection
EndGlobal
